
Microsoft Visual Studio Solution File, Format Version 12.00
# Visual Studio 15
VisualStudioVersion = 15.0.28307.705
MinimumVisualStudioVersion = 10.0.40219.1
Project("{FAE04EC0-301F-11D3-BF4B-00C04F79EFBC}") = "MyControlFW", "MyControlFW\MyControlFW.csproj", "{2423AE4F-F246-49F0-9AC8-EC9B3BB70CFC}"
EndProject
Project("{FAE04EC0-301F-11D3-BF4B-00C04F79EFBC}") = "MyControlFW.DesignTools", "MyControlFW.DesignTools\MyControlFW.DesignTools.csproj", "{E5D371AE-E35B-4B00-8B2D-2AF8DF1779D2}"
EndProject
Project("{FAE04EC0-301F-11D3-BF4B-00C04F79EFBC}") = "WpfDemo_FW", "WpfDemo_FW\WpfDemo_FW.csproj", "{A0371BED-20C7-4CB8-9C12-16C8E6203784}"
EndProject
Global
	GlobalSection(SolutionConfigurationPlatforms) = preSolution
		Debug|Any CPU = Debug|Any CPU
		Release|Any CPU = Release|Any CPU
	EndGlobalSection
	GlobalSection(ProjectConfigurationPlatforms) = postSolution
		{2423AE4F-F246-49F0-9AC8-EC9B3BB70CFC}.Debug|Any CPU.ActiveCfg = Debug|Any CPU
		{2423AE4F-F246-49F0-9AC8-EC9B3BB70CFC}.Debug|Any CPU.Build.0 = Debug|Any CPU
		{2423AE4F-F246-49F0-9AC8-EC9B3BB70CFC}.Release|Any CPU.ActiveCfg = Release|Any CPU
		{2423AE4F-F246-49F0-9AC8-EC9B3BB70CFC}.Release|Any CPU.Build.0 = Release|Any CPU
		{E5D371AE-E35B-4B00-8B2D-2AF8DF1779D2}.Debug|Any CPU.ActiveCfg = Debug|Any CPU
		{E5D371AE-E35B-4B00-8B2D-2AF8DF1779D2}.Debug|Any CPU.Build.0 = Debug|Any CPU
		{E5D371AE-E35B-4B00-8B2D-2AF8DF1779D2}.Release|Any CPU.ActiveCfg = Release|Any CPU
		{E5D371AE-E35B-4B00-8B2D-2AF8DF1779D2}.Release|Any CPU.Build.0 = Release|Any CPU
		{A0371BED-20C7-4CB8-9C12-16C8E6203784}.Debug|Any CPU.ActiveCfg = Debug|Any CPU
		{A0371BED-20C7-4CB8-9C12-16C8E6203784}.Debug|Any CPU.Build.0 = Debug|Any CPU
		{A0371BED-20C7-4CB8-9C12-16C8E6203784}.Release|Any CPU.ActiveCfg = Release|Any CPU
		{A0371BED-20C7-4CB8-9C12-16C8E6203784}.Release|Any CPU.Build.0 = Release|Any CPU
	EndGlobalSection
	GlobalSection(SolutionProperties) = preSolution
		HideSolutionNode = FALSE
	EndGlobalSection
	GlobalSection(ExtensibilityGlobals) = postSolution
		SolutionGuid = {B589693C-DDA2-4412-9A2F-49D17DA812F0}
	EndGlobalSection
EndGlobal
